
Microsoft Visual Studio Solution File, Format Version 12.00
# Visual Studio Version 16
VisualStudioVersion = 16.0.34301.259
MinimumVisualStudioVersion = 10.0.40219.1
Project("{FAE04EC0-301F-11D3-BF4B-00C04F79EFBC}") = "UtubeDL", "UtubeDL\UtubeDL.csproj", "{2A1F82A1-AB6E-4105-A896-BFCB7D3758CC}"
EndProject
Global
	GlobalSection(SolutionConfigurationPlatforms) = preSolution
		Debug|Any CPU = Debug|Any CPU
		Release|Any CPU = Release|Any CPU
	EndGlobalSection
	GlobalSection(ProjectConfigurationPlatforms) = postSolution
		{2A1F82A1-AB6E-4105-A896-BFCB7D3758CC}.Debug|Any CPU.ActiveCfg = Debug|Any CPU
		{2A1F82A1-AB6E-4105-A896-BFCB7D3758CC}.Debug|Any CPU.Build.0 = Debug|Any CPU
		{2A1F82A1-AB6E-4105-A896-BFCB7D3758CC}.Release|Any CPU.ActiveCfg = Release|Any CPU
		{2A1F82A1-AB6E-4105-A896-BFCB7D3758CC}.Release|Any CPU.Build.0 = Release|Any CPU
	EndGlobalSection
	GlobalSection(SolutionProperties) = preSolution
		HideSolutionNode = FALSE
	EndGlobalSection
	GlobalSection(ExtensibilityGlobals) = postSolution
		SolutionGuid = {C96E9DBB-6B2A-4B1F-B59B-FA181F2A5BCE}
	EndGlobalSection
EndGlobal
